
Microsoft Visual Studio Solution File, Format Version 12.00
# Visual Studio 15
VisualStudioVersion = 15.0.27703.2042
MinimumVisualStudioVersion = 10.0.40219.1
Project("{FAE04EC0-301F-11D3-BF4B-00C04F79EFBC}") = "Sea_Battle", "Gard_Game\Sea_Battle.csproj", "{D267C8E3-C0BF-4F86-A81D-DC0689D075BF}"
EndProject
Global
	GlobalSection(SolutionConfigurationPlatforms) = preSolution
		Debug|Any CPU = Debug|Any CPU
		Release|Any CPU = Release|Any CPU
	EndGlobalSection
	GlobalSection(ProjectConfigurationPlatforms) = postSolution
		{D267C8E3-C0BF-4F86-A81D-DC0689D075BF}.Debug|Any CPU.ActiveCfg = Debug|Any CPU
		{D267C8E3-C0BF-4F86-A81D-DC0689D075BF}.Debug|Any CPU.Build.0 = Debug|Any CPU
		{D267C8E3-C0BF-4F86-A81D-DC0689D075BF}.Release|Any CPU.ActiveCfg = Release|Any CPU
		{D267C8E3-C0BF-4F86-A81D-DC0689D075BF}.Release|Any CPU.Build.0 = Release|Any CPU
	EndGlobalSection
	GlobalSection(SolutionProperties) = preSolution
		HideSolutionNode = FALSE
	EndGlobalSection
	GlobalSection(ExtensibilityGlobals) = postSolution
		SolutionGuid = {541EA7AD-31F4-406A-94BE-516F244E6A57}
	EndGlobalSection
EndGlobal
